
Microsoft Visual Studio Solution File, Format Version 12.00
# Visual Studio Version 17
VisualStudioVersion = 17.7.34202.233
MinimumVisualStudioVersion = 10.0.40219.1
Project("{FAE04EC0-301F-11D3-BF4B-00C04F79EFBC}") = "RazorPageMovie", "RazorPageMovie\RazorPageMovie.csproj", "{BCA83912-0F56-45E7-908B-45554D244875}"
EndProject
Global
	GlobalSection(SolutionConfigurationPlatforms) = preSolution
		Debug|Any CPU = Debug|Any CPU
		Release|Any CPU = Release|Any CPU
	EndGlobalSection
	GlobalSection(ProjectConfigurationPlatforms) = postSolution
		{BCA83912-0F56-45E7-908B-45554D244875}.Debug|Any CPU.ActiveCfg = Debug|Any CPU
		{BCA83912-0F56-45E7-908B-45554D244875}.Debug|Any CPU.Build.0 = Debug|Any CPU
		{BCA83912-0F56-45E7-908B-45554D244875}.Release|Any CPU.ActiveCfg = Release|Any CPU
		{BCA83912-0F56-45E7-908B-45554D244875}.Release|Any CPU.Build.0 = Release|Any CPU
	EndGlobalSection
	GlobalSection(SolutionProperties) = preSolution
		HideSolutionNode = FALSE
	EndGlobalSection
	GlobalSection(ExtensibilityGlobals) = postSolution
		SolutionGuid = {1BAB5B58-A6A8-4C07-8077-CC84545D6CF2}
	EndGlobalSection
EndGlobal
